PODS:
  - Alamofire (5.9.1)
  - FilesProvider (0.26.0)
  - HandyJSON (5.0.4-beta)
  - Highlightr (2.1.0)
  - JXSegmentedView (1.3.3)
  - Kingfisher (7.6.1)
  - lottie-ios (4.4.1)
  - MarqueeLabel (4.0.5)
  - NotificationBannerSwift (3.0.6):
    - MarqueeLabel (~> 4.0.5)
    - SnapKit (~> 5.0.1)
  - R.swift (7.3.2)
  - RichEditorView (5.0.0)
  - SnapKit (5.0.1)
  - SQLite.swift (0.14.1):
    - SQLite.swift/standard (= 0.14.1)
  - SQLite.swift/standard (0.14.1)
  - SSZipArchive (2.4.3)
  - Then (3.0.0)

DEPENDENCIES:
  - "Alamofire (from `git@github.com:Alamofire/Alamofire.git`)"
  - FilesProvider
  - "HandyJSON (from `git@github.com:alibaba/HandyJSON.git`)"
  - Highlightr
  - JXSegmentedView
  - Kingfisher (= 7.6.1)
  - lottie-ios
  - NotificationBannerSwift (~> 3.0.0)
  - R.swift
  - RichEditorView
  - SQLite.swift (~> 0.14.0)
  - SSZipArchive
  - "Then (from `git@github.com:devxoul/Then.git`)"

SPEC REPOS:
  https://github.com/CocoaPods/Specs.git:
    - FilesProvider
    - Highlightr
    - JXSegmentedView
    - Kingfisher
    - lottie-ios
    - MarqueeLabel
    - NotificationBannerSwift
    - R.swift
    - RichEditorView
    - SnapKit
    - SQLite.swift
    - SSZipArchive

EXTERNAL SOURCES:
  Alamofire:
    :git: "git@github.com:Alamofire/Alamofire.git"
  HandyJSON:
    :git: "git@github.com:alibaba/HandyJSON.git"
  Then:
    :git: "git@github.com:devxoul/Then.git"

CHECKOUT OPTIONS:
  Alamofire:
    :commit: f455c2975872ccd2d9c81594c658af65716e9b9a
    :git: "git@github.com:Alamofire/Alamofire.git"
  HandyJSON:
    :commit: f0b15db3bc0c51e935ea2385d6e33d412f04fffe
    :git: "git@github.com:alibaba/HandyJSON.git"
  Then:
    :commit: d41ef523faef0f911369f79c0b96815d9dbb6d7a
    :git: "git@github.com:devxoul/Then.git"

SPEC CHECKSUMS:
  Alamofire: f36a35757af4587d8e4f4bfa223ad10be2422b8c
  FilesProvider: 2a8ae17d8b9c23a6feadb1308ee638fa31d21065
  HandyJSON: a9c67202df97805a0ba4a00e30b50e9a30ac28f3
  Highlightr: 595f3e100737c8de41113385da8bd0b5b65212c6
  JXSegmentedView: 651b60fcf705258ba9395edd53876dbd2853fb68
  Kingfisher: 93a3c6d0d551658a31e19f21747e1d15cb39d525
  lottie-ios: e047b1d2e6239b787cc5e9755b988869cf190494
  MarqueeLabel: 00cc0bcd087111dca575878b3531af980559707d
  NotificationBannerSwift: 7021be2338f8f29cf424b0aca43da462bf9e2a1a
  R.swift: 0af0d882f49f03711415cb4e5215daa977d8a480
  RichEditorView: 1bbb07b87ca2d479ac29a6877014b38b8df233ef
  SnapKit: 97b92857e3df3a0c71833cce143274bf6ef8e5eb
  SQLite.swift: 2992550ebf3c5b268bf4352603e3df87d2a4ed72
  SSZipArchive: fe6a26b2a54d5a0890f2567b5cc6de5caa600aef
  Then: 844265ae87834bbe1147d91d5d41a404da2ec27d

PODFILE CHECKSUM: 4d759754533fce65674a27528356afdd89116656

COCOAPODS: 1.15.2
